
Microsoft Visual Studio Solution File, Format Version 12.00
# Visual Studio Version 17
VisualStudioVersion = 17.4.33213.308
MinimumVisualStudioVersion = 10.0.40219.1
Project("{FAE04EC0-301F-11D3-BF4B-00C04F79EFBC}") = "Match Full Name", "Match Full Name\Match Full Name.csproj", "{74D17DC6-B8FC-4096-A91F-45913C75455A}"
EndProject
Global
	GlobalSection(SolutionConfigurationPlatforms) = preSolution
		Debug|Any CPU = Debug|Any CPU
		Release|Any CPU = Release|Any CPU
	EndGlobalSection
	GlobalSection(ProjectConfigurationPlatforms) = postSolution
		{74D17DC6-B8FC-4096-A91F-45913C75455A}.Debug|Any CPU.ActiveCfg = Debug|Any CPU
		{74D17DC6-B8FC-4096-A91F-45913C75455A}.Debug|Any CPU.Build.0 = Debug|Any CPU
		{74D17DC6-B8FC-4096-A91F-45913C75455A}.Release|Any CPU.ActiveCfg = Release|Any CPU
		{74D17DC6-B8FC-4096-A91F-45913C75455A}.Release|Any CPU.Build.0 = Release|Any CPU
	EndGlobalSection
	GlobalSection(SolutionProperties) = preSolution
		HideSolutionNode = FALSE
	EndGlobalSection
	GlobalSection(ExtensibilityGlobals) = postSolution
		SolutionGuid = {3646A31D-36E7-4243-B665-B5DBCDBE534E}
	EndGlobalSection
EndGlobal
